
Microsoft Visual Studio Solution File, Format Version 12.00
# Visual Studio 2013
VisualStudioVersion = 12.0.31101.0
MinimumVisualStudioVersion = 10.0.40219.1
Project("{FAE04EC0-301F-11D3-BF4B-00C04F79EFBC}") = "01. Fibonacci Numbers", "01. Fibonacci Numbers\01. Fibonacci Numbers.csproj", "{38D6202F-824B-41F3-89CE-9BD440833F92}"
EndProject
Project("{FAE04EC0-301F-11D3-BF4B-00C04F79EFBC}") = "02. Prime Checker", "02. Prime Checker\02. Prime Checker.csproj", "{DE6BE887-4F41-4DE6-A245-966C951D6D29}"
EndProject
Project("{FAE04EC0-301F-11D3-BF4B-00C04F79EFBC}") = "03. Primes in Given Range", "03. Primes in Given Range\03. Primes in Given Range.csproj", "{16C2A503-671D-4A9F-BCB1-E93AAEA3F057}"
EndProject
Project("{FAE04EC0-301F-11D3-BF4B-00C04F79EFBC}") = "04. Difference between Dates", "04. Difference between Dates\04. Difference between Dates.csproj", "{2EC40693-AC6C-4ACF-A809-55999402FEC4}"
EndProject
Project("{FAE04EC0-301F-11D3-BF4B-00C04F79EFBC}") = "05. Sorting Numbers", "05. Sorting Numbers\05. Sorting Numbers.csproj", "{F9E96420-5B2E-4166-9449-4EFD27D81DD9}"
EndProject
Project("{FAE04EC0-301F-11D3-BF4B-00C04F79EFBC}") = "06. Longest Area in Array", "06. Longest Area in Array\06. Longest Area in Array.csproj", "{D92B1E83-CA06-4065-A3A5-4C9A77FB2034}"
EndProject
Global
	GlobalSection(SolutionConfigurationPlatforms) = preSolution
		Debug|Any CPU = Debug|Any CPU
		Release|Any CPU = Release|Any CPU
	EndGlobalSection
	GlobalSection(ProjectConfigurationPlatforms) = postSolution
		{38D6202F-824B-41F3-89CE-9BD440833F92}.Debug|Any CPU.ActiveCfg = Debug|Any CPU
		{38D6202F-824B-41F3-89CE-9BD440833F92}.Debug|Any CPU.Build.0 = Debug|Any CPU
		{38D6202F-824B-41F3-89CE-9BD440833F92}.Release|Any CPU.ActiveCfg = Release|Any CPU
		{38D6202F-824B-41F3-89CE-9BD440833F92}.Release|Any CPU.Build.0 = Release|Any CPU
		{DE6BE887-4F41-4DE6-A245-966C951D6D29}.Debug|Any CPU.ActiveCfg = Debug|Any CPU
		{DE6BE887-4F41-4DE6-A245-966C951D6D29}.Debug|Any CPU.Build.0 = Debug|Any CPU
		{DE6BE887-4F41-4DE6-A245-966C951D6D29}.Release|Any CPU.ActiveCfg = Release|Any CPU
		{DE6BE887-4F41-4DE6-A245-966C951D6D29}.Release|Any CPU.Build.0 = Release|Any CPU
		{16C2A503-671D-4A9F-BCB1-E93AAEA3F057}.Debug|Any CPU.ActiveCfg = Debug|Any CPU
		{16C2A503-671D-4A9F-BCB1-E93AAEA3F057}.Debug|Any CPU.Build.0 = Debug|Any CPU
		{16C2A503-671D-4A9F-BCB1-E93AAEA3F057}.Release|Any CPU.ActiveCfg = Release|Any CPU
		{16C2A503-671D-4A9F-BCB1-E93AAEA3F057}.Release|Any CPU.Build.0 = Release|Any CPU
		{2EC40693-AC6C-4ACF-A809-55999402FEC4}.Debug|Any CPU.ActiveCfg = Debug|Any CPU
		{2EC40693-AC6C-4ACF-A809-55999402FEC4}.Debug|Any CPU.Build.0 = Debug|Any CPU
		{2EC40693-AC6C-4ACF-A809-55999402FEC4}.Release|Any CPU.ActiveCfg = Release|Any CPU
		{2EC40693-AC6C-4ACF-A809-55999402FEC4}.Release|Any CPU.Build.0 = Release|Any CPU
		{F9E96420-5B2E-4166-9449-4EFD27D81DD9}.Debug|Any CPU.ActiveCfg = Debug|Any CPU
		{F9E96420-5B2E-4166-9449-4EFD27D81DD9}.Debug|Any CPU.Build.0 = Debug|Any CPU
		{F9E96420-5B2E-4166-9449-4EFD27D81DD9}.Release|Any CPU.ActiveCfg = Release|Any CPU
		{F9E96420-5B2E-4166-9449-4EFD27D81DD9}.Release|Any CPU.Build.0 = Release|Any CPU
		{D92B1E83-CA06-4065-A3A5-4C9A77FB2034}.Debug|Any CPU.ActiveCfg = Debug|Any CPU
		{D92B1E83-CA06-4065-A3A5-4C9A77FB2034}.Debug|Any CPU.Build.0 = Debug|Any CPU
		{D92B1E83-CA06-4065-A3A5-4C9A77FB2034}.Release|Any CPU.ActiveCfg = Release|Any CPU
		{D92B1E83-CA06-4065-A3A5-4C9A77FB2034}.Release|Any CPU.Build.0 = Release|Any CPU
	EndGlobalSection
	GlobalSection(SolutionProperties) = preSolution
		HideSolutionNode = FALSE
	EndGlobalSection
EndGlobal
